
Microsoft Visual Studio Solution File, Format Version 12.00
# Visual Studio 15
VisualStudioVersion = 15.0.27924.0
MinimumVisualStudioVersion = 10.0.40219.1
Project("{2150E333-8FDC-42A3-9474-1A3956D46DE8}") = "Modulos", "Modulos", "{2B5A2DD2-2FF9-45CF-AA78-808D9E274C04}"
EndProject
Project("{FAE04EC0-301F-11D3-BF4B-00C04F79EFBC}") = "Configuracion", "Modulos\Configuracion\Configuracion.csproj", "{6C640F2C-C491-40D0-967A-DBC51541A4D6}"
EndProject
Global
	GlobalSection(SolutionConfigurationPlatforms) = preSolution
		Debug|Any CPU = Debug|Any CPU
		Release|Any CPU = Release|Any CPU
	EndGlobalSection
	GlobalSection(ProjectConfigurationPlatforms) = postSolution
		{6C640F2C-C491-40D0-967A-DBC51541A4D6}.Debug|Any CPU.ActiveCfg = Debug|Any CPU
		{6C640F2C-C491-40D0-967A-DBC51541A4D6}.Debug|Any CPU.Build.0 = Debug|Any CPU
		{6C640F2C-C491-40D0-967A-DBC51541A4D6}.Release|Any CPU.ActiveCfg = Release|Any CPU
		{6C640F2C-C491-40D0-967A-DBC51541A4D6}.Release|Any CPU.Build.0 = Release|Any CPU
	EndGlobalSection
	GlobalSection(SolutionProperties) = preSolution
		HideSolutionNode = FALSE
	EndGlobalSection
	GlobalSection(NestedProjects) = preSolution
		{6C640F2C-C491-40D0-967A-DBC51541A4D6} = {2B5A2DD2-2FF9-45CF-AA78-808D9E274C04}
	EndGlobalSection
	GlobalSection(ExtensibilityGlobals) = postSolution
		SolutionGuid = {85C8907F-DDC9-47AD-8C3D-4951EFB2635C}
	EndGlobalSection
EndGlobal
