
Microsoft Visual Studio Solution File, Format Version 12.00
# Visual Studio 15
VisualStudioVersion = 15.0.27130.2010
MinimumVisualStudioVersion = 10.0.40219.1
Project("{2150E333-8FDC-42A3-9474-1A3956D46DE8}") = "Cyxor", "Cyxor", "{60475438-AAF6-4282-B8BD-8113D80B9260}"
EndProject
Project("{2150E333-8FDC-42A3-9474-1A3956D46DE8}") = "Cyxor.Test", "Cyxor.Test", "{D135E545-A6A0-4C9F-B6DC-EA21A597149E}"
EndProject
Project("{9A19103F-16F7-4668-BE54-9A1E7A4F7556}") = "Cyxor.Serialization.Test", "Cyxor.Serialization\Cyxor.Serialization.Test\Cyxor.Serialization.Test.csproj", "{2248E40F-4E8E-4AE2-A753-746C79294443}"
EndProject
Project("{2150E333-8FDC-42A3-9474-1A3956D46DE8}") = "Alimatic", "Alimatic", "{AC6142CD-89CA-420C-852D-7B4827D29A4A}"
EndProject
Project("{2150E333-8FDC-42A3-9474-1A3956D46DE8}") = "_Halo", "_Halo", "{83A847D9-911A-4B4C-B6D6-ABC8340E63F8}"
EndProject
Project("{FAE04EC0-301F-11D3-BF4B-00C04F79EFBC}") = "Halo", "_Halo\Halo\Halo.csproj", "{6B03BFD4-7281-4A6A-BBC3-0713C65A2901}"
EndProject
Project("{9A19103F-16F7-4668-BE54-9A1E7A4F7556}") = "Halo.Server", "_Halo\Halo.Server\Halo.Server.csproj", "{92918E43-257E-4CAA-BE39-15CFA0D9885C}"
EndProject
Project("{2150E333-8FDC-42A3-9474-1A3956D46DE8}") = "Gravitonia", "Gravitonia", "{6AC8587F-2056-4C2C-93A6-A5CA496ABF4B}"
EndProject
Project("{9A19103F-16F7-4668-BE54-9A1E7A4F7556}") = "Gravitonia.Server", "Gravitonia\Gravitonia.Server\Gravitonia.Server.csproj", "{3460C33D-B55A-42C9-9729-8BD2F5FF15DF}"
EndProject
Project("{9A19103F-16F7-4668-BE54-9A1E7A4F7556}") = "Halo.Models", "_Halo\Halo.Models\Halo.Models.csproj", "{D2720096-7FE2-4732-BD5C-9517D3A3A5D1}"
EndProject
Project("{2150E333-8FDC-42A3-9474-1A3956D46DE8}") = "Cardyan", "Cardyan", "{459A1A2A-D384-43E6-9E4F-5C3CFFCA4BF0}"
EndProject
Project("{9A19103F-16F7-4668-BE54-9A1E7A4F7556}") = "Cardyan.Master", "Cardyan\Cardyan.Master\Cardyan.Master.csproj", "{CA6453CE-7A3B-433B-A450-6FC88FFA8088}"
EndProject
Project("{2150E333-8FDC-42A3-9474-1A3956D46DE8}") = "Solution Items", "Solution Items", "{E80D3DCF-9CEB-41E1-8E8D-3BD9AE863F41}"
	ProjectSection(SolutionItems) = preProject
		Directory.Build.props = Directory.Build.props
		global.json = global.json
		Roadmap.md = Roadmap.md
	EndProjectSection
EndProject
Project("{2150E333-8FDC-42A3-9474-1A3956D46DE8}") = "External", "External", "{3C5E1914-7BC1-4D88-B7BD-097AA0B7E428}"
EndProject
Project("{9A19103F-16F7-4668-BE54-9A1E7A4F7556}") = "Cyxor.Serialization", "Cyxor\Cyxor.Serialization\Cyxor.Serialization\Cyxor.Serialization.csproj", "{A198CFC2-8181-4546-AE0E-3AEDF954811D}"
EndProject
Project("{9A19103F-16F7-4668-BE54-9A1E7A4F7556}") = "Cyxor.Security", "Cyxor\Cyxor.Security\Cyxor.Security\Cyxor.Security.csproj", "{C5EADB23-971B-49D7-B308-84940B1CE862}"
EndProject
Project("{9A19103F-16F7-4668-BE54-9A1E7A4F7556}") = "Cyxor.Razor", "Cyxor\Cyxor.Razor\Cyxor.Razor\Cyxor.Razor.csproj", "{62949ADA-356A-4661-9011-DCBFF5301FC7}"
EndProject
Project("{9A19103F-16F7-4668-BE54-9A1E7A4F7556}") = "Cyxor.Networking", "Cyxor\Cyxor.Networking\Cyxor.Networking\Cyxor.Networking.csproj", "{6B4BED65-0341-4769-8944-CD2BA0F0DFDA}"
EndProject
Project("{9A19103F-16F7-4668-BE54-9A1E7A4F7556}") = "Cyxor.Models", "Cyxor\Cyxor.Models\Cyxor.Models\Cyxor.Models.csproj", "{3F290884-6A1B-4E86-AAD8-E3D2323EDF78}"
EndProject
Project("{9A19103F-16F7-4668-BE54-9A1E7A4F7556}") = "Cyxor.Master", "Cyxor\Cyxor.Master\Cyxor.Master\Cyxor.Master.csproj", "{C6ACA65A-8A58-4D72-A31C-5241119DAC2B}"
EndProject
Project("{9A19103F-16F7-4668-BE54-9A1E7A4F7556}") = "Cyxor.Server", "Cyxor\Cyxor.Server\Cyxor.Server\Cyxor.Server.csproj", "{A70F76DD-44BA-4258-943C-7E33388E6802}"
	ProjectSection(ProjectDependencies) = postProject
		{5014EDA2-638F-4808-9F0E-AA3B1055C276} = {5014EDA2-638F-4808-9F0E-AA3B1055C276}
		{4F7F24F8-3588-43F5-A9B7-0C071BC877E9} = {4F7F24F8-3588-43F5-A9B7-0C071BC877E9}
		{51C120FC-9B3C-4958-A52F-1DF7DF51F334} = {51C120FC-9B3C-4958-A52F-1DF7DF51F334}
	EndProjectSection
EndProject
Project("{9A19103F-16F7-4668-BE54-9A1E7A4F7556}") = "Cyxor.Terminal", "Cyxor\Cyxor.Terminal\Cyxor.Terminal\Cyxor.Terminal.csproj", "{CBE58CC7-0687-402B-8085-75DC7254B263}"
EndProject
Project("{2150E333-8FDC-42A3-9474-1A3956D46DE8}") = "Cyxor", "Cyxor", "{4A7DC3B7-46AE-401A-B35D-6BD62C22AC12}"
	ProjectSection(SolutionItems) = preProject
		Cyxor\Directory.Build.props = Cyxor\Directory.Build.props
	EndProjectSection
EndProject
Project("{2150E333-8FDC-42A3-9474-1A3956D46DE8}") = "Modules", "Modules", "{552EF10C-A257-4163-87CF-60CBF0EBFD59}"
EndProject
Project("{9A19103F-16F7-4668-BE54-9A1E7A4F7556}") = "Cardyan.Accounting", "Cardyan\Modules\Cardyan.Accounting\Cardyan.Accounting.csproj", "{5014EDA2-638F-4808-9F0E-AA3B1055C276}"
EndProject
Project("{2150E333-8FDC-42A3-9474-1A3956D46DE8}") = "Cardyan", "Cardyan", "{F043D6D0-7F22-460F-A5D4-852BE00FC934}"
EndProject
Project("{2150E333-8FDC-42A3-9474-1A3956D46DE8}") = "Modules", "Modules", "{3BE1EC8E-95E3-4888-BE17-14CD7DFEE518}"
	ProjectSection(SolutionItems) = preProject
		Cardyan\Modules\Directory.Build.props = Cardyan\Modules\Directory.Build.props
	EndProjectSection
EndProject
Project("{2150E333-8FDC-42A3-9474-1A3956D46DE8}") = "Networking", "Networking", "{690A7847-6E39-4A49-BA1B-F2B2F7158804}"
	ProjectSection(SolutionItems) = preProject
		Cyxor\Cyxor.Networking\Directory.Build.props = Cyxor\Cyxor.Networking\Directory.Build.props
	EndProjectSection
EndProject
Project("{2150E333-8FDC-42A3-9474-1A3956D46DE8}") = "Models", "Models", "{ECFE12A6-B723-4E67-BAE4-9FA0A617FF67}"
	ProjectSection(SolutionItems) = preProject
		Cyxor\Cyxor.Models\Directory.Build.props = Cyxor\Cyxor.Models\Directory.Build.props
	EndProjectSection
EndProject
Project("{2150E333-8FDC-42A3-9474-1A3956D46DE8}") = "Master", "Master", "{4BDEFEA0-69D1-4F94-B66A-1F2BF4D90F15}"
	ProjectSection(SolutionItems) = preProject
		Cyxor\Cyxor.Master\Directory.Build.props = Cyxor\Cyxor.Master\Directory.Build.props
	EndProjectSection
EndProject
Project("{2150E333-8FDC-42A3-9474-1A3956D46DE8}") = "Alimatic", "Alimatic", "{07BFDE2A-1DEF-45A9-AD08-AD59A47C7D1D}"
EndProject
Project("{2150E333-8FDC-42A3-9474-1A3956D46DE8}") = "Modules", "Modules", "{5EEE3361-B094-460F-8B9E-9ECCA081640A}"
	ProjectSection(SolutionItems) = preProject
		Alimatic\Modules\Directory.Build.props = Alimatic\Modules\Directory.Build.props
	EndProjectSection
EndProject
Project("{9A19103F-16F7-4668-BE54-9A1E7A4F7556}") = "Cardyan.Inventory", "Cardyan\Modules\Cardyan.Inventory\Cardyan.Inventory.csproj", "{51C120FC-9B3C-4958-A52F-1DF7DF51F334}"
EndProject
Project("{FAE04EC0-301F-11D3-BF4B-00C04F79EFBC}") = "Cyxor", "Cyxor\Cyxor\Cyxor.csproj", "{5588A354-6D42-4C51-B760-A0E6B0F31FE6}"
EndProject
Project("{2150E333-8FDC-42A3-9474-1A3956D46DE8}") = "Datadin", "Datadin", "{70CC1329-C65E-4DF3-B70E-8F5B54D40EA9}"
EndProject
Project("{2150E333-8FDC-42A3-9474-1A3956D46DE8}") = "Sicema", "Sicema", "{47AC5467-E4FC-4B47-883D-E2B46E794598}"
EndProject
Project("{9A19103F-16F7-4668-BE54-9A1E7A4F7556}") = "Datadin.Server", "Alimatic\Datadin\Datadin.Server\Datadin.Server.csproj", "{4F7F24F8-3588-43F5-A9B7-0C071BC877E9}"
EndProject
Project("{FAE04EC0-301F-11D3-BF4B-00C04F79EFBC}") = "Configuracion", "Alimatic\Sicema\Modulos\Configuracion\Configuracion.csproj", "{6C640F2C-C491-40D0-967A-DBC51541A4D6}"
EndProject
Project("{2150E333-8FDC-42A3-9474-1A3956D46DE8}") = "FrameView", "FrameView", "{091FB67C-2C60-4789-96F8-13A63659C580}"
EndProject
Project("{FAE04EC0-301F-11D3-BF4B-00C04F79EFBC}") = "Frameview", "Alimatic\Viejo\Frameview\Frameview.csproj", "{358B1C68-4E93-48B2-A909-EE16A81E5A46}"
EndProject
Project("{FAE04EC0-301F-11D3-BF4B-00C04F79EFBC}") = "Sicema", "Alimatic\Sicema\Modulos\Sicema\Sicema.csproj", "{0483AF42-835B-4B07-85CC-8FA0551960F5}"
EndProject
Project("{9A19103F-16F7-4668-BE54-9A1E7A4F7556}") = "Cyxor.Tools", "Cyxor\Cyxor.Tools\Cyxor.Tools\Cyxor.Tools.csproj", "{084BCA24-B61D-4167-874B-92A9C858AA08}"
EndProject
Project("{2150E333-8FDC-42A3-9474-1A3956D46DE8}") = "Datadin", "Datadin", "{BD519C6D-068A-41B3-83BD-9635F109EB4A}"
	ProjectSection(SolutionItems) = preProject
		Alimatic\Datadin\Directory.Build.props = Alimatic\Datadin\Directory.Build.props
	EndProjectSection
EndProject
Global
	GlobalSection(SolutionConfigurationPlatforms) = preSolution
		Debug|Any CPU = Debug|Any CPU
		Debug|x64 = Debug|x64
		Debug|x86 = Debug|x86
		Release|Any CPU = Release|Any CPU
		Release|x64 = Release|x64
		Release|x86 = Release|x86
	EndGlobalSection
	GlobalSection(ProjectConfigurationPlatforms) = postSolution
		{2248E40F-4E8E-4AE2-A753-746C79294443}.Debug|Any CPU.ActiveCfg = Debug|Any CPU
		{2248E40F-4E8E-4AE2-A753-746C79294443}.Debug|Any CPU.Build.0 = Debug|Any CPU
		{2248E40F-4E8E-4AE2-A753-746C79294443}.Debug|x64.ActiveCfg = Debug|Any CPU
		{2248E40F-4E8E-4AE2-A753-746C79294443}.Debug|x64.Build.0 = Debug|Any CPU
		{2248E40F-4E8E-4AE2-A753-746C79294443}.Debug|x86.ActiveCfg = Debug|Any CPU
		{2248E40F-4E8E-4AE2-A753-746C79294443}.Debug|x86.Build.0 = Debug|Any CPU
		{2248E40F-4E8E-4AE2-A753-746C79294443}.Release|Any CPU.ActiveCfg = Release|Any CPU
		{2248E40F-4E8E-4AE2-A753-746C79294443}.Release|Any CPU.Build.0 = Release|Any CPU
		{2248E40F-4E8E-4AE2-A753-746C79294443}.Release|x64.ActiveCfg = Release|Any CPU
		{2248E40F-4E8E-4AE2-A753-746C79294443}.Release|x64.Build.0 = Release|Any CPU
		{2248E40F-4E8E-4AE2-A753-746C79294443}.Release|x86.ActiveCfg = Release|Any CPU
		{2248E40F-4E8E-4AE2-A753-746C79294443}.Release|x86.Build.0 = Release|Any CPU
		{6B03BFD4-7281-4A6A-BBC3-0713C65A2901}.Debug|Any CPU.ActiveCfg = Debug|Any CPU
		{6B03BFD4-7281-4A6A-BBC3-0713C65A2901}.Debug|Any CPU.Build.0 = Debug|Any CPU
		{6B03BFD4-7281-4A6A-BBC3-0713C65A2901}.Debug|x64.ActiveCfg = Debug|Any CPU
		{6B03BFD4-7281-4A6A-BBC3-0713C65A2901}.Debug|x64.Build.0 = Debug|Any CPU
		{6B03BFD4-7281-4A6A-BBC3-0713C65A2901}.Debug|x86.ActiveCfg = Debug|Any CPU
		{6B03BFD4-7281-4A6A-BBC3-0713C65A2901}.Debug|x86.Build.0 = Debug|Any CPU
		{6B03BFD4-7281-4A6A-BBC3-0713C65A2901}.Release|Any CPU.ActiveCfg = Release|Any CPU
		{6B03BFD4-7281-4A6A-BBC3-0713C65A2901}.Release|Any CPU.Build.0 = Release|Any CPU
		{6B03BFD4-7281-4A6A-BBC3-0713C65A2901}.Release|x64.ActiveCfg = Release|Any CPU
		{6B03BFD4-7281-4A6A-BBC3-0713C65A2901}.Release|x64.Build.0 = Release|Any CPU
		{6B03BFD4-7281-4A6A-BBC3-0713C65A2901}.Release|x86.ActiveCfg = Release|Any CPU
		{6B03BFD4-7281-4A6A-BBC3-0713C65A2901}.Release|x86.Build.0 = Release|Any CPU
		{92918E43-257E-4CAA-BE39-15CFA0D9885C}.Debug|Any CPU.ActiveCfg = Debug|Any CPU
		{92918E43-257E-4CAA-BE39-15CFA0D9885C}.Debug|Any CPU.Build.0 = Debug|Any CPU
		{92918E43-257E-4CAA-BE39-15CFA0D9885C}.Debug|x64.ActiveCfg = Debug|Any CPU
		{92918E43-257E-4CAA-BE39-15CFA0D9885C}.Debug|x64.Build.0 = Debug|Any CPU
		{92918E43-257E-4CAA-BE39-15CFA0D9885C}.Debug|x86.ActiveCfg = Debug|Any CPU
		{92918E43-257E-4CAA-BE39-15CFA0D9885C}.Debug|x86.Build.0 = Debug|Any CPU
		{92918E43-257E-4CAA-BE39-15CFA0D9885C}.Release|Any CPU.ActiveCfg = Release|Any CPU
		{92918E43-257E-4CAA-BE39-15CFA0D9885C}.Release|Any CPU.Build.0 = Release|Any CPU
		{92918E43-257E-4CAA-BE39-15CFA0D9885C}.Release|x64.ActiveCfg = Release|Any CPU
		{92918E43-257E-4CAA-BE39-15CFA0D9885C}.Release|x64.Build.0 = Release|Any CPU
		{92918E43-257E-4CAA-BE39-15CFA0D9885C}.Release|x86.ActiveCfg = Release|Any CPU
		{92918E43-257E-4CAA-BE39-15CFA0D9885C}.Release|x86.Build.0 = Release|Any CPU
		{3460C33D-B55A-42C9-9729-8BD2F5FF15DF}.Debug|Any CPU.ActiveCfg = Debug|Any CPU
		{3460C33D-B55A-42C9-9729-8BD2F5FF15DF}.Debug|Any CPU.Build.0 = Debug|Any CPU
		{3460C33D-B55A-42C9-9729-8BD2F5FF15DF}.Debug|x64.ActiveCfg = Debug|Any CPU
		{3460C33D-B55A-42C9-9729-8BD2F5FF15DF}.Debug|x64.Build.0 = Debug|Any CPU
		{3460C33D-B55A-42C9-9729-8BD2F5FF15DF}.Debug|x86.ActiveCfg = Debug|Any CPU
		{3460C33D-B55A-42C9-9729-8BD2F5FF15DF}.Debug|x86.Build.0 = Debug|Any CPU
		{3460C33D-B55A-42C9-9729-8BD2F5FF15DF}.Release|Any CPU.ActiveCfg = Release|Any CPU
		{3460C33D-B55A-42C9-9729-8BD2F5FF15DF}.Release|Any CPU.Build.0 = Release|Any CPU
		{3460C33D-B55A-42C9-9729-8BD2F5FF15DF}.Release|x64.ActiveCfg = Release|Any CPU
		{3460C33D-B55A-42C9-9729-8BD2F5FF15DF}.Release|x64.Build.0 = Release|Any CPU
		{3460C33D-B55A-42C9-9729-8BD2F5FF15DF}.Release|x86.ActiveCfg = Release|Any CPU
		{3460C33D-B55A-42C9-9729-8BD2F5FF15DF}.Release|x86.Build.0 = Release|Any CPU
		{D2720096-7FE2-4732-BD5C-9517D3A3A5D1}.Debug|Any CPU.ActiveCfg = Debug|Any CPU
		{D2720096-7FE2-4732-BD5C-9517D3A3A5D1}.Debug|Any CPU.Build.0 = Debug|Any CPU
		{D2720096-7FE2-4732-BD5C-9517D3A3A5D1}.Debug|x64.ActiveCfg = Debug|Any CPU
		{D2720096-7FE2-4732-BD5C-9517D3A3A5D1}.Debug|x64.Build.0 = Debug|Any CPU
		{D2720096-7FE2-4732-BD5C-9517D3A3A5D1}.Debug|x86.ActiveCfg = Debug|Any CPU
		{D2720096-7FE2-4732-BD5C-9517D3A3A5D1}.Debug|x86.Build.0 = Debug|Any CPU
		{D2720096-7FE2-4732-BD5C-9517D3A3A5D1}.Release|Any CPU.ActiveCfg = Release|Any CPU
		{D2720096-7FE2-4732-BD5C-9517D3A3A5D1}.Release|Any CPU.Build.0 = Release|Any CPU
		{D2720096-7FE2-4732-BD5C-9517D3A3A5D1}.Release|x64.ActiveCfg = Release|Any CPU
		{D2720096-7FE2-4732-BD5C-9517D3A3A5D1}.Release|x64.Build.0 = Release|Any CPU
		{D2720096-7FE2-4732-BD5C-9517D3A3A5D1}.Release|x86.ActiveCfg = Release|Any CPU
		{D2720096-7FE2-4732-BD5C-9517D3A3A5D1}.Release|x86.Build.0 = Release|Any CPU
		{CA6453CE-7A3B-433B-A450-6FC88FFA8088}.Debug|Any CPU.ActiveCfg = Debug|Any CPU
		{CA6453CE-7A3B-433B-A450-6FC88FFA8088}.Debug|Any CPU.Build.0 = Debug|Any CPU
		{CA6453CE-7A3B-433B-A450-6FC88FFA8088}.Debug|x64.ActiveCfg = Debug|Any CPU
		{CA6453CE-7A3B-433B-A450-6FC88FFA8088}.Debug|x64.Build.0 = Debug|Any CPU
		{CA6453CE-7A3B-433B-A450-6FC88FFA8088}.Debug|x86.ActiveCfg = Debug|Any CPU
		{CA6453CE-7A3B-433B-A450-6FC88FFA8088}.Debug|x86.Build.0 = Debug|Any CPU
		{CA6453CE-7A3B-433B-A450-6FC88FFA8088}.Release|Any CPU.ActiveCfg = Release|Any CPU
		{CA6453CE-7A3B-433B-A450-6FC88FFA8088}.Release|Any CPU.Build.0 = Release|Any CPU
		{CA6453CE-7A3B-433B-A450-6FC88FFA8088}.Release|x64.ActiveCfg = Release|Any CPU
		{CA6453CE-7A3B-433B-A450-6FC88FFA8088}.Release|x64.Build.0 = Release|Any CPU
		{CA6453CE-7A3B-433B-A450-6FC88FFA8088}.Release|x86.ActiveCfg = Release|Any CPU
		{CA6453CE-7A3B-433B-A450-6FC88FFA8088}.Release|x86.Build.0 = Release|Any CPU
		{A198CFC2-8181-4546-AE0E-3AEDF954811D}.Debug|Any CPU.ActiveCfg = Debug|Any CPU
		{A198CFC2-8181-4546-AE0E-3AEDF954811D}.Debug|Any CPU.Build.0 = Debug|Any CPU
		{A198CFC2-8181-4546-AE0E-3AEDF954811D}.Debug|x64.ActiveCfg = Debug|Any CPU
		{A198CFC2-8181-4546-AE0E-3AEDF954811D}.Debug|x64.Build.0 = Debug|Any CPU
		{A198CFC2-8181-4546-AE0E-3AEDF954811D}.Debug|x86.ActiveCfg = Debug|Any CPU
		{A198CFC2-8181-4546-AE0E-3AEDF954811D}.Debug|x86.Build.0 = Debug|Any CPU
		{A198CFC2-8181-4546-AE0E-3AEDF954811D}.Release|Any CPU.ActiveCfg = Release|Any CPU
		{A198CFC2-8181-4546-AE0E-3AEDF954811D}.Release|Any CPU.Build.0 = Release|Any CPU
		{A198CFC2-8181-4546-AE0E-3AEDF954811D}.Release|x64.ActiveCfg = Release|Any CPU
		{A198CFC2-8181-4546-AE0E-3AEDF954811D}.Release|x64.Build.0 = Release|Any CPU
		{A198CFC2-8181-4546-AE0E-3AEDF954811D}.Release|x86.ActiveCfg = Release|Any CPU
		{A198CFC2-8181-4546-AE0E-3AEDF954811D}.Release|x86.Build.0 = Release|Any CPU
		{C5EADB23-971B-49D7-B308-84940B1CE862}.Debug|Any CPU.ActiveCfg = Debug|Any CPU
		{C5EADB23-971B-49D7-B308-84940B1CE862}.Debug|Any CPU.Build.0 = Debug|Any CPU
		{C5EADB23-971B-49D7-B308-84940B1CE862}.Debug|x64.ActiveCfg = Debug|Any CPU
		{C5EADB23-971B-49D7-B308-84940B1CE862}.Debug|x64.Build.0 = Debug|Any CPU
		{C5EADB23-971B-49D7-B308-84940B1CE862}.Debug|x86.ActiveCfg = Debug|Any CPU
		{C5EADB23-971B-49D7-B308-84940B1CE862}.Debug|x86.Build.0 = Debug|Any CPU
		{C5EADB23-971B-49D7-B308-84940B1CE862}.Release|Any CPU.ActiveCfg = Release|Any CPU
		{C5EADB23-971B-49D7-B308-84940B1CE862}.Release|Any CPU.Build.0 = Release|Any CPU
		{C5EADB23-971B-49D7-B308-84940B1CE862}.Release|x64.ActiveCfg = Release|Any CPU
		{C5EADB23-971B-49D7-B308-84940B1CE862}.Release|x64.Build.0 = Release|Any CPU
		{C5EADB23-971B-49D7-B308-84940B1CE862}.Release|x86.ActiveCfg = Release|Any CPU
		{C5EADB23-971B-49D7-B308-84940B1CE862}.Release|x86.Build.0 = Release|Any CPU
		{62949ADA-356A-4661-9011-DCBFF5301FC7}.Debug|Any CPU.ActiveCfg = Debug|Any CPU
		{62949ADA-356A-4661-9011-DCBFF5301FC7}.Debug|Any CPU.Build.0 = Debug|Any CPU
		{62949ADA-356A-4661-9011-DCBFF5301FC7}.Debug|x64.ActiveCfg = Debug|Any CPU
		{62949ADA-356A-4661-9011-DCBFF5301FC7}.Debug|x64.Build.0 = Debug|Any CPU
		{62949ADA-356A-4661-9011-DCBFF5301FC7}.Debug|x86.ActiveCfg = Debug|Any CPU
		{62949ADA-356A-4661-9011-DCBFF5301FC7}.Debug|x86.Build.0 = Debug|Any CPU
		{62949ADA-356A-4661-9011-DCBFF5301FC7}.Release|Any CPU.ActiveCfg = Release|Any CPU
		{62949ADA-356A-4661-9011-DCBFF5301FC7}.Release|Any CPU.Build.0 = Release|Any CPU
		{62949ADA-356A-4661-9011-DCBFF5301FC7}.Release|x64.ActiveCfg = Release|Any CPU
		{62949ADA-356A-4661-9011-DCBFF5301FC7}.Release|x64.Build.0 = Release|Any CPU
		{62949ADA-356A-4661-9011-DCBFF5301FC7}.Release|x86.ActiveCfg = Release|Any CPU
		{62949ADA-356A-4661-9011-DCBFF5301FC7}.Release|x86.Build.0 = Release|Any CPU
		{6B4BED65-0341-4769-8944-CD2BA0F0DFDA}.Debug|Any CPU.ActiveCfg = Debug|Any CPU
		{6B4BED65-0341-4769-8944-CD2BA0F0DFDA}.Debug|Any CPU.Build.0 = Debug|Any CPU
		{6B4BED65-0341-4769-8944-CD2BA0F0DFDA}.Debug|x64.ActiveCfg = Debug|Any CPU
		{6B4BED65-0341-4769-8944-CD2BA0F0DFDA}.Debug|x64.Build.0 = Debug|Any CPU
		{6B4BED65-0341-4769-8944-CD2BA0F0DFDA}.Debug|x86.ActiveCfg = Debug|Any CPU
		{6B4BED65-0341-4769-8944-CD2BA0F0DFDA}.Debug|x86.Build.0 = Debug|Any CPU
		{6B4BED65-0341-4769-8944-CD2BA0F0DFDA}.Release|Any CPU.ActiveCfg = Release|Any CPU
		{6B4BED65-0341-4769-8944-CD2BA0F0DFDA}.Release|Any CPU.Build.0 = Release|Any CPU
		{6B4BED65-0341-4769-8944-CD2BA0F0DFDA}.Release|x64.ActiveCfg = Release|Any CPU
		{6B4BED65-0341-4769-8944-CD2BA0F0DFDA}.Release|x64.Build.0 = Release|Any CPU
		{6B4BED65-0341-4769-8944-CD2BA0F0DFDA}.Release|x86.ActiveCfg = Release|Any CPU
		{6B4BED65-0341-4769-8944-CD2BA0F0DFDA}.Release|x86.Build.0 = Release|Any CPU
		{3F290884-6A1B-4E86-AAD8-E3D2323EDF78}.Debug|Any CPU.ActiveCfg = Debug|Any CPU
		{3F290884-6A1B-4E86-AAD8-E3D2323EDF78}.Debug|Any CPU.Build.0 = Debug|Any CPU
		{3F290884-6A1B-4E86-AAD8-E3D2323EDF78}.Debug|x64.ActiveCfg = Debug|Any CPU
		{3F290884-6A1B-4E86-AAD8-E3D2323EDF78}.Debug|x64.Build.0 = Debug|Any CPU
		{3F290884-6A1B-4E86-AAD8-E3D2323EDF78}.Debug|x86.ActiveCfg = Debug|Any CPU
		{3F290884-6A1B-4E86-AAD8-E3D2323EDF78}.Debug|x86.Build.0 = Debug|Any CPU
		{3F290884-6A1B-4E86-AAD8-E3D2323EDF78}.Release|Any CPU.ActiveCfg = Release|Any CPU
		{3F290884-6A1B-4E86-AAD8-E3D2323EDF78}.Release|Any CPU.Build.0 = Release|Any CPU
		{3F290884-6A1B-4E86-AAD8-E3D2323EDF78}.Release|x64.ActiveCfg = Release|Any CPU
		{3F290884-6A1B-4E86-AAD8-E3D2323EDF78}.Release|x64.Build.0 = Release|Any CPU
		{3F290884-6A1B-4E86-AAD8-E3D2323EDF78}.Release|x86.ActiveCfg = Release|Any CPU
		{3F290884-6A1B-4E86-AAD8-E3D2323EDF78}.Release|x86.Build.0 = Release|Any CPU
		{C6ACA65A-8A58-4D72-A31C-5241119DAC2B}.Debug|Any CPU.ActiveCfg = Debug|Any CPU
		{C6ACA65A-8A58-4D72-A31C-5241119DAC2B}.Debug|Any CPU.Build.0 = Debug|Any CPU
		{C6ACA65A-8A58-4D72-A31C-5241119DAC2B}.Debug|x64.ActiveCfg = Debug|Any CPU
		{C6ACA65A-8A58-4D72-A31C-5241119DAC2B}.Debug|x64.Build.0 = Debug|Any CPU
		{C6ACA65A-8A58-4D72-A31C-5241119DAC2B}.Debug|x86.ActiveCfg = Debug|Any CPU
		{C6ACA65A-8A58-4D72-A31C-5241119DAC2B}.Debug|x86.Build.0 = Debug|Any CPU
		{C6ACA65A-8A58-4D72-A31C-5241119DAC2B}.Release|Any CPU.ActiveCfg = Release|Any CPU
		{C6ACA65A-8A58-4D72-A31C-5241119DAC2B}.Release|Any CPU.Build.0 = Release|Any CPU
		{C6ACA65A-8A58-4D72-A31C-5241119DAC2B}.Release|x64.ActiveCfg = Release|Any CPU
		{C6ACA65A-8A58-4D72-A31C-5241119DAC2B}.Release|x64.Build.0 = Release|Any CPU
		{C6ACA65A-8A58-4D72-A31C-5241119DAC2B}.Release|x86.ActiveCfg = Release|Any CPU
		{C6ACA65A-8A58-4D72-A31C-5241119DAC2B}.Release|x86.Build.0 = Release|Any CPU
		{A70F76DD-44BA-4258-943C-7E33388E6802}.Debug|Any CPU.ActiveCfg = Debug|Any CPU
		{A70F76DD-44BA-4258-943C-7E33388E6802}.Debug|Any CPU.Build.0 = Debug|Any CPU
		{A70F76DD-44BA-4258-943C-7E33388E6802}.Debug|x64.ActiveCfg = Debug|Any CPU
		{A70F76DD-44BA-4258-943C-7E33388E6802}.Debug|x64.Build.0 = Debug|Any CPU
		{A70F76DD-44BA-4258-943C-7E33388E6802}.Debug|x86.ActiveCfg = Debug|Any CPU
		{A70F76DD-44BA-4258-943C-7E33388E6802}.Debug|x86.Build.0 = Debug|Any CPU
		{A70F76DD-44BA-4258-943C-7E33388E6802}.Release|Any CPU.ActiveCfg = Release|Any CPU
		{A70F76DD-44BA-4258-943C-7E33388E6802}.Release|Any CPU.Build.0 = Release|Any CPU
		{A70F76DD-44BA-4258-943C-7E33388E6802}.Release|x64.ActiveCfg = Release|Any CPU
		{A70F76DD-44BA-4258-943C-7E33388E6802}.Release|x64.Build.0 = Release|Any CPU
		{A70F76DD-44BA-4258-943C-7E33388E6802}.Release|x86.ActiveCfg = Release|Any CPU
		{A70F76DD-44BA-4258-943C-7E33388E6802}.Release|x86.Build.0 = Release|Any CPU
		{CBE58CC7-0687-402B-8085-75DC7254B263}.Debug|Any CPU.ActiveCfg = Debug|Any CPU
		{CBE58CC7-0687-402B-8085-75DC7254B263}.Debug|Any CPU.Build.0 = Debug|Any CPU
		{CBE58CC7-0687-402B-8085-75DC7254B263}.Debug|x64.ActiveCfg = Debug|Any CPU
		{CBE58CC7-0687-402B-8085-75DC7254B263}.Debug|x64.Build.0 = Debug|Any CPU
		{CBE58CC7-0687-402B-8085-75DC7254B263}.Debug|x86.ActiveCfg = Debug|Any CPU
		{CBE58CC7-0687-402B-8085-75DC7254B263}.Debug|x86.Build.0 = Debug|Any CPU
		{CBE58CC7-0687-402B-8085-75DC7254B263}.Release|Any CPU.ActiveCfg = Release|Any CPU
		{CBE58CC7-0687-402B-8085-75DC7254B263}.Release|Any CPU.Build.0 = Release|Any CPU
		{CBE58CC7-0687-402B-8085-75DC7254B263}.Release|x64.ActiveCfg = Release|Any CPU
		{CBE58CC7-0687-402B-8085-75DC7254B263}.Release|x64.Build.0 = Release|Any CPU
		{CBE58CC7-0687-402B-8085-75DC7254B263}.Release|x86.ActiveCfg = Release|Any CPU
		{CBE58CC7-0687-402B-8085-75DC7254B263}.Release|x86.Build.0 = Release|Any CPU
		{5014EDA2-638F-4808-9F0E-AA3B1055C276}.Debug|Any CPU.ActiveCfg = Debug|Any CPU
		{5014EDA2-638F-4808-9F0E-AA3B1055C276}.Debug|Any CPU.Build.0 = Debug|Any CPU
		{5014EDA2-638F-4808-9F0E-AA3B1055C276}.Debug|x64.ActiveCfg = Debug|Any CPU
		{5014EDA2-638F-4808-9F0E-AA3B1055C276}.Debug|x64.Build.0 = Debug|Any CPU
		{5014EDA2-638F-4808-9F0E-AA3B1055C276}.Debug|x86.ActiveCfg = Debug|Any CPU
		{5014EDA2-638F-4808-9F0E-AA3B1055C276}.Debug|x86.Build.0 = Debug|Any CPU
		{5014EDA2-638F-4808-9F0E-AA3B1055C276}.Release|Any CPU.ActiveCfg = Release|Any CPU
		{5014EDA2-638F-4808-9F0E-AA3B1055C276}.Release|Any CPU.Build.0 = Release|Any CPU
		{5014EDA2-638F-4808-9F0E-AA3B1055C276}.Release|x64.ActiveCfg = Release|Any CPU
		{5014EDA2-638F-4808-9F0E-AA3B1055C276}.Release|x64.Build.0 = Release|Any CPU
		{5014EDA2-638F-4808-9F0E-AA3B1055C276}.Release|x86.ActiveCfg = Release|Any CPU
		{5014EDA2-638F-4808-9F0E-AA3B1055C276}.Release|x86.Build.0 = Release|Any CPU
		{51C120FC-9B3C-4958-A52F-1DF7DF51F334}.Debug|Any CPU.ActiveCfg = Debug|Any CPU
		{51C120FC-9B3C-4958-A52F-1DF7DF51F334}.Debug|Any CPU.Build.0 = Debug|Any CPU
		{51C120FC-9B3C-4958-A52F-1DF7DF51F334}.Debug|x64.ActiveCfg = Debug|Any CPU
		{51C120FC-9B3C-4958-A52F-1DF7DF51F334}.Debug|x64.Build.0 = Debug|Any CPU
		{51C120FC-9B3C-4958-A52F-1DF7DF51F334}.Debug|x86.ActiveCfg = Debug|Any CPU
		{51C120FC-9B3C-4958-A52F-1DF7DF51F334}.Debug|x86.Build.0 = Debug|Any CPU
		{51C120FC-9B3C-4958-A52F-1DF7DF51F334}.Release|Any CPU.ActiveCfg = Release|Any CPU
		{51C120FC-9B3C-4958-A52F-1DF7DF51F334}.Release|Any CPU.Build.0 = Release|Any CPU
		{51C120FC-9B3C-4958-A52F-1DF7DF51F334}.Release|x64.ActiveCfg = Release|Any CPU
		{51C120FC-9B3C-4958-A52F-1DF7DF51F334}.Release|x64.Build.0 = Release|Any CPU
		{51C120FC-9B3C-4958-A52F-1DF7DF51F334}.Release|x86.ActiveCfg = Release|Any CPU
		{51C120FC-9B3C-4958-A52F-1DF7DF51F334}.Release|x86.Build.0 = Release|Any CPU
		{5588A354-6D42-4C51-B760-A0E6B0F31FE6}.Debug|Any CPU.ActiveCfg = Debug|Any CPU
		{5588A354-6D42-4C51-B760-A0E6B0F31FE6}.Debug|Any CPU.Build.0 = Debug|Any CPU
		{5588A354-6D42-4C51-B760-A0E6B0F31FE6}.Debug|x64.ActiveCfg = Debug|Any CPU
		{5588A354-6D42-4C51-B760-A0E6B0F31FE6}.Debug|x64.Build.0 = Debug|Any CPU
		{5588A354-6D42-4C51-B760-A0E6B0F31FE6}.Debug|x86.ActiveCfg = Debug|Any CPU
		{5588A354-6D42-4C51-B760-A0E6B0F31FE6}.Debug|x86.Build.0 = Debug|Any CPU
		{5588A354-6D42-4C51-B760-A0E6B0F31FE6}.Release|Any CPU.ActiveCfg = Release|Any CPU
		{5588A354-6D42-4C51-B760-A0E6B0F31FE6}.Release|Any CPU.Build.0 = Release|Any CPU
		{5588A354-6D42-4C51-B760-A0E6B0F31FE6}.Release|x64.ActiveCfg = Release|Any CPU
		{5588A354-6D42-4C51-B760-A0E6B0F31FE6}.Release|x64.Build.0 = Release|Any CPU
		{5588A354-6D42-4C51-B760-A0E6B0F31FE6}.Release|x86.ActiveCfg = Release|Any CPU
		{5588A354-6D42-4C51-B760-A0E6B0F31FE6}.Release|x86.Build.0 = Release|Any CPU
		{4F7F24F8-3588-43F5-A9B7-0C071BC877E9}.Debug|Any CPU.ActiveCfg = Debug|Any CPU
		{4F7F24F8-3588-43F5-A9B7-0C071BC877E9}.Debug|Any CPU.Build.0 = Debug|Any CPU
		{4F7F24F8-3588-43F5-A9B7-0C071BC877E9}.Debug|x64.ActiveCfg = Debug|Any CPU
		{4F7F24F8-3588-43F5-A9B7-0C071BC877E9}.Debug|x64.Build.0 = Debug|Any CPU
		{4F7F24F8-3588-43F5-A9B7-0C071BC877E9}.Debug|x86.ActiveCfg = Debug|Any CPU
		{4F7F24F8-3588-43F5-A9B7-0C071BC877E9}.Debug|x86.Build.0 = Debug|Any CPU
		{4F7F24F8-3588-43F5-A9B7-0C071BC877E9}.Release|Any CPU.ActiveCfg = Release|Any CPU
		{4F7F24F8-3588-43F5-A9B7-0C071BC877E9}.Release|Any CPU.Build.0 = Release|Any CPU
		{4F7F24F8-3588-43F5-A9B7-0C071BC877E9}.Release|x64.ActiveCfg = Release|Any CPU
		{4F7F24F8-3588-43F5-A9B7-0C071BC877E9}.Release|x64.Build.0 = Release|Any CPU
		{4F7F24F8-3588-43F5-A9B7-0C071BC877E9}.Release|x86.ActiveCfg = Release|Any CPU
		{4F7F24F8-3588-43F5-A9B7-0C071BC877E9}.Release|x86.Build.0 = Release|Any CPU
		{6C640F2C-C491-40D0-967A-DBC51541A4D6}.Debug|Any CPU.ActiveCfg = Debug|Any CPU
		{6C640F2C-C491-40D0-967A-DBC51541A4D6}.Debug|Any CPU.Build.0 = Debug|Any CPU
		{6C640F2C-C491-40D0-967A-DBC51541A4D6}.Debug|x64.ActiveCfg = Debug|Any CPU
		{6C640F2C-C491-40D0-967A-DBC51541A4D6}.Debug|x64.Build.0 = Debug|Any CPU
		{6C640F2C-C491-40D0-967A-DBC51541A4D6}.Debug|x86.ActiveCfg = Debug|Any CPU
		{6C640F2C-C491-40D0-967A-DBC51541A4D6}.Debug|x86.Build.0 = Debug|Any CPU
		{6C640F2C-C491-40D0-967A-DBC51541A4D6}.Release|Any CPU.ActiveCfg = Release|Any CPU
		{6C640F2C-C491-40D0-967A-DBC51541A4D6}.Release|Any CPU.Build.0 = Release|Any CPU
		{6C640F2C-C491-40D0-967A-DBC51541A4D6}.Release|x64.ActiveCfg = Release|Any CPU
		{6C640F2C-C491-40D0-967A-DBC51541A4D6}.Release|x64.Build.0 = Release|Any CPU
		{6C640F2C-C491-40D0-967A-DBC51541A4D6}.Release|x86.ActiveCfg = Release|Any CPU
		{6C640F2C-C491-40D0-967A-DBC51541A4D6}.Release|x86.Build.0 = Release|Any CPU
		{358B1C68-4E93-48B2-A909-EE16A81E5A46}.Debug|Any CPU.ActiveCfg = Debug|Any CPU
		{358B1C68-4E93-48B2-A909-EE16A81E5A46}.Debug|Any CPU.Build.0 = Debug|Any CPU
		{358B1C68-4E93-48B2-A909-EE16A81E5A46}.Debug|x64.ActiveCfg = Debug|Any CPU
		{358B1C68-4E93-48B2-A909-EE16A81E5A46}.Debug|x64.Build.0 = Debug|Any CPU
		{358B1C68-4E93-48B2-A909-EE16A81E5A46}.Debug|x86.ActiveCfg = Debug|Any CPU
		{358B1C68-4E93-48B2-A909-EE16A81E5A46}.Debug|x86.Build.0 = Debug|Any CPU
		{358B1C68-4E93-48B2-A909-EE16A81E5A46}.Release|Any CPU.ActiveCfg = Release|Any CPU
		{358B1C68-4E93-48B2-A909-EE16A81E5A46}.Release|Any CPU.Build.0 = Release|Any CPU
		{358B1C68-4E93-48B2-A909-EE16A81E5A46}.Release|x64.ActiveCfg = Release|Any CPU
		{358B1C68-4E93-48B2-A909-EE16A81E5A46}.Release|x64.Build.0 = Release|Any CPU
		{358B1C68-4E93-48B2-A909-EE16A81E5A46}.Release|x86.ActiveCfg = Release|Any CPU
		{358B1C68-4E93-48B2-A909-EE16A81E5A46}.Release|x86.Build.0 = Release|Any CPU
		{0483AF42-835B-4B07-85CC-8FA0551960F5}.Debug|Any CPU.ActiveCfg = Debug|Any CPU
		{0483AF42-835B-4B07-85CC-8FA0551960F5}.Debug|Any CPU.Build.0 = Debug|Any CPU
		{0483AF42-835B-4B07-85CC-8FA0551960F5}.Debug|x64.ActiveCfg = Debug|Any CPU
		{0483AF42-835B-4B07-85CC-8FA0551960F5}.Debug|x64.Build.0 = Debug|Any CPU
		{0483AF42-835B-4B07-85CC-8FA0551960F5}.Debug|x86.ActiveCfg = Debug|Any CPU
		{0483AF42-835B-4B07-85CC-8FA0551960F5}.Debug|x86.Build.0 = Debug|Any CPU
		{0483AF42-835B-4B07-85CC-8FA0551960F5}.Release|Any CPU.ActiveCfg = Release|Any CPU
		{0483AF42-835B-4B07-85CC-8FA0551960F5}.Release|Any CPU.Build.0 = Release|Any CPU
		{0483AF42-835B-4B07-85CC-8FA0551960F5}.Release|x64.ActiveCfg = Release|Any CPU
		{0483AF42-835B-4B07-85CC-8FA0551960F5}.Release|x64.Build.0 = Release|Any CPU
		{0483AF42-835B-4B07-85CC-8FA0551960F5}.Release|x86.ActiveCfg = Release|Any CPU
		{0483AF42-835B-4B07-85CC-8FA0551960F5}.Release|x86.Build.0 = Release|Any CPU
		{084BCA24-B61D-4167-874B-92A9C858AA08}.Debug|Any CPU.ActiveCfg = Debug|Any CPU
		{084BCA24-B61D-4167-874B-92A9C858AA08}.Debug|Any CPU.Build.0 = Debug|Any CPU
		{084BCA24-B61D-4167-874B-92A9C858AA08}.Debug|x64.ActiveCfg = Debug|Any CPU
		{084BCA24-B61D-4167-874B-92A9C858AA08}.Debug|x64.Build.0 = Debug|Any CPU
		{084BCA24-B61D-4167-874B-92A9C858AA08}.Debug|x86.ActiveCfg = Debug|Any CPU
		{084BCA24-B61D-4167-874B-92A9C858AA08}.Debug|x86.Build.0 = Debug|Any CPU
		{084BCA24-B61D-4167-874B-92A9C858AA08}.Release|Any CPU.ActiveCfg = Release|Any CPU
		{084BCA24-B61D-4167-874B-92A9C858AA08}.Release|Any CPU.Build.0 = Release|Any CPU
		{084BCA24-B61D-4167-874B-92A9C858AA08}.Release|x64.ActiveCfg = Release|Any CPU
		{084BCA24-B61D-4167-874B-92A9C858AA08}.Release|x64.Build.0 = Release|Any CPU
		{084BCA24-B61D-4167-874B-92A9C858AA08}.Release|x86.ActiveCfg = Release|Any CPU
		{084BCA24-B61D-4167-874B-92A9C858AA08}.Release|x86.Build.0 = Release|Any CPU
	EndGlobalSection
	GlobalSection(SolutionProperties) = preSolution
		HideSolutionNode = FALSE
	EndGlobalSection
	GlobalSection(NestedProjects) = preSolution
		{2248E40F-4E8E-4AE2-A753-746C79294443} = {D135E545-A6A0-4C9F-B6DC-EA21A597149E}
		{6B03BFD4-7281-4A6A-BBC3-0713C65A2901} = {83A847D9-911A-4B4C-B6D6-ABC8340E63F8}
		{92918E43-257E-4CAA-BE39-15CFA0D9885C} = {83A847D9-911A-4B4C-B6D6-ABC8340E63F8}
		{3460C33D-B55A-42C9-9729-8BD2F5FF15DF} = {6AC8587F-2056-4C2C-93A6-A5CA496ABF4B}
		{D2720096-7FE2-4732-BD5C-9517D3A3A5D1} = {83A847D9-911A-4B4C-B6D6-ABC8340E63F8}
		{CA6453CE-7A3B-433B-A450-6FC88FFA8088} = {459A1A2A-D384-43E6-9E4F-5C3CFFCA4BF0}
		{A198CFC2-8181-4546-AE0E-3AEDF954811D} = {60475438-AAF6-4282-B8BD-8113D80B9260}
		{C5EADB23-971B-49D7-B308-84940B1CE862} = {60475438-AAF6-4282-B8BD-8113D80B9260}
		{62949ADA-356A-4661-9011-DCBFF5301FC7} = {60475438-AAF6-4282-B8BD-8113D80B9260}
		{6B4BED65-0341-4769-8944-CD2BA0F0DFDA} = {60475438-AAF6-4282-B8BD-8113D80B9260}
		{3F290884-6A1B-4E86-AAD8-E3D2323EDF78} = {60475438-AAF6-4282-B8BD-8113D80B9260}
		{C6ACA65A-8A58-4D72-A31C-5241119DAC2B} = {60475438-AAF6-4282-B8BD-8113D80B9260}
		{A70F76DD-44BA-4258-943C-7E33388E6802} = {60475438-AAF6-4282-B8BD-8113D80B9260}
		{CBE58CC7-0687-402B-8085-75DC7254B263} = {60475438-AAF6-4282-B8BD-8113D80B9260}
		{4A7DC3B7-46AE-401A-B35D-6BD62C22AC12} = {E80D3DCF-9CEB-41E1-8E8D-3BD9AE863F41}
		{552EF10C-A257-4163-87CF-60CBF0EBFD59} = {459A1A2A-D384-43E6-9E4F-5C3CFFCA4BF0}
		{5014EDA2-638F-4808-9F0E-AA3B1055C276} = {552EF10C-A257-4163-87CF-60CBF0EBFD59}
		{F043D6D0-7F22-460F-A5D4-852BE00FC934} = {E80D3DCF-9CEB-41E1-8E8D-3BD9AE863F41}
		{3BE1EC8E-95E3-4888-BE17-14CD7DFEE518} = {F043D6D0-7F22-460F-A5D4-852BE00FC934}
		{690A7847-6E39-4A49-BA1B-F2B2F7158804} = {4A7DC3B7-46AE-401A-B35D-6BD62C22AC12}
		{ECFE12A6-B723-4E67-BAE4-9FA0A617FF67} = {4A7DC3B7-46AE-401A-B35D-6BD62C22AC12}
		{4BDEFEA0-69D1-4F94-B66A-1F2BF4D90F15} = {4A7DC3B7-46AE-401A-B35D-6BD62C22AC12}
		{07BFDE2A-1DEF-45A9-AD08-AD59A47C7D1D} = {E80D3DCF-9CEB-41E1-8E8D-3BD9AE863F41}
		{5EEE3361-B094-460F-8B9E-9ECCA081640A} = {07BFDE2A-1DEF-45A9-AD08-AD59A47C7D1D}
		{51C120FC-9B3C-4958-A52F-1DF7DF51F334} = {552EF10C-A257-4163-87CF-60CBF0EBFD59}
		{5588A354-6D42-4C51-B760-A0E6B0F31FE6} = {60475438-AAF6-4282-B8BD-8113D80B9260}
		{70CC1329-C65E-4DF3-B70E-8F5B54D40EA9} = {AC6142CD-89CA-420C-852D-7B4827D29A4A}
		{47AC5467-E4FC-4B47-883D-E2B46E794598} = {AC6142CD-89CA-420C-852D-7B4827D29A4A}
		{4F7F24F8-3588-43F5-A9B7-0C071BC877E9} = {70CC1329-C65E-4DF3-B70E-8F5B54D40EA9}
		{6C640F2C-C491-40D0-967A-DBC51541A4D6} = {47AC5467-E4FC-4B47-883D-E2B46E794598}
		{091FB67C-2C60-4789-96F8-13A63659C580} = {AC6142CD-89CA-420C-852D-7B4827D29A4A}
		{358B1C68-4E93-48B2-A909-EE16A81E5A46} = {091FB67C-2C60-4789-96F8-13A63659C580}
		{0483AF42-835B-4B07-85CC-8FA0551960F5} = {47AC5467-E4FC-4B47-883D-E2B46E794598}
		{084BCA24-B61D-4167-874B-92A9C858AA08} = {60475438-AAF6-4282-B8BD-8113D80B9260}
		{BD519C6D-068A-41B3-83BD-9635F109EB4A} = {07BFDE2A-1DEF-45A9-AD08-AD59A47C7D1D}
	EndGlobalSection
	GlobalSection(ExtensibilityGlobals) = postSolution
		SolutionGuid = {FCC184D4-8154-4BFB-81E1-25CA1D1103B3}
	EndGlobalSection
EndGlobal
