
Microsoft Visual Studio Solution File, Format Version 12.00
# Visual Studio 15
VisualStudioVersion = 15.0.26228.9
MinimumVisualStudioVersion = 10.0.40219.1
Project("{9A19103F-16F7-4668-BE54-9A1E7A4F7556}") = "Cyxor.Serialization", "Cyxor.Serialization\Cyxor.Serialization.csproj", "{20B39FE7-B3EC-4337-BFC8-5BDAFAE8E5DA}"
EndProject
Project("{9A19103F-16F7-4668-BE54-9A1E7A4F7556}") = "Cyxor.Serialization.Test", "Cyxor.Serialization.Test\Cyxor.Serialization.Test.csproj", "{83BFA431-6EC1-4510-BCBE-020B908A7E34}"
EndProject
Project("{9A19103F-16F7-4668-BE54-9A1E7A4F7556}") = "XUnitTestProject1", "XUnitTestProject1\XUnitTestProject1.csproj", "{E2AB30E7-E33C-4E14-BD4F-F8FC733CF77E}"
EndProject
Global
	GlobalSection(SolutionConfigurationPlatforms) = preSolution
		Debug|Any CPU = Debug|Any CPU
		Debug|x64 = Debug|x64
		Debug|x86 = Debug|x86
		Release|Any CPU = Release|Any CPU
		Release|x64 = Release|x64
		Release|x86 = Release|x86
	EndGlobalSection
	GlobalSection(ProjectConfigurationPlatforms) = postSolution
		{20B39FE7-B3EC-4337-BFC8-5BDAFAE8E5DA}.Debug|Any CPU.ActiveCfg = Debug|Any CPU
		{20B39FE7-B3EC-4337-BFC8-5BDAFAE8E5DA}.Debug|Any CPU.Build.0 = Debug|Any CPU
		{20B39FE7-B3EC-4337-BFC8-5BDAFAE8E5DA}.Debug|x64.ActiveCfg = Debug|Any CPU
		{20B39FE7-B3EC-4337-BFC8-5BDAFAE8E5DA}.Debug|x64.Build.0 = Debug|Any CPU
		{20B39FE7-B3EC-4337-BFC8-5BDAFAE8E5DA}.Debug|x86.ActiveCfg = Debug|Any CPU
		{20B39FE7-B3EC-4337-BFC8-5BDAFAE8E5DA}.Debug|x86.Build.0 = Debug|Any CPU
		{20B39FE7-B3EC-4337-BFC8-5BDAFAE8E5DA}.Release|Any CPU.ActiveCfg = Release|Any CPU
		{20B39FE7-B3EC-4337-BFC8-5BDAFAE8E5DA}.Release|Any CPU.Build.0 = Release|Any CPU
		{20B39FE7-B3EC-4337-BFC8-5BDAFAE8E5DA}.Release|x64.ActiveCfg = Release|Any CPU
		{20B39FE7-B3EC-4337-BFC8-5BDAFAE8E5DA}.Release|x64.Build.0 = Release|Any CPU
		{20B39FE7-B3EC-4337-BFC8-5BDAFAE8E5DA}.Release|x86.ActiveCfg = Release|Any CPU
		{20B39FE7-B3EC-4337-BFC8-5BDAFAE8E5DA}.Release|x86.Build.0 = Release|Any CPU
		{83BFA431-6EC1-4510-BCBE-020B908A7E34}.Debug|Any CPU.ActiveCfg = Debug|Any CPU
		{83BFA431-6EC1-4510-BCBE-020B908A7E34}.Debug|Any CPU.Build.0 = Debug|Any CPU
		{83BFA431-6EC1-4510-BCBE-020B908A7E34}.Debug|x64.ActiveCfg = Debug|Any CPU
		{83BFA431-6EC1-4510-BCBE-020B908A7E34}.Debug|x64.Build.0 = Debug|Any CPU
		{83BFA431-6EC1-4510-BCBE-020B908A7E34}.Debug|x86.ActiveCfg = Debug|Any CPU
		{83BFA431-6EC1-4510-BCBE-020B908A7E34}.Debug|x86.Build.0 = Debug|Any CPU
		{83BFA431-6EC1-4510-BCBE-020B908A7E34}.Release|Any CPU.ActiveCfg = Release|Any CPU
		{83BFA431-6EC1-4510-BCBE-020B908A7E34}.Release|Any CPU.Build.0 = Release|Any CPU
		{83BFA431-6EC1-4510-BCBE-020B908A7E34}.Release|x64.ActiveCfg = Release|Any CPU
		{83BFA431-6EC1-4510-BCBE-020B908A7E34}.Release|x64.Build.0 = Release|Any CPU
		{83BFA431-6EC1-4510-BCBE-020B908A7E34}.Release|x86.ActiveCfg = Release|Any CPU
		{83BFA431-6EC1-4510-BCBE-020B908A7E34}.Release|x86.Build.0 = Release|Any CPU
		{E2AB30E7-E33C-4E14-BD4F-F8FC733CF77E}.Debug|Any CPU.ActiveCfg = Debug|Any CPU
		{E2AB30E7-E33C-4E14-BD4F-F8FC733CF77E}.Debug|Any CPU.Build.0 = Debug|Any CPU
		{E2AB30E7-E33C-4E14-BD4F-F8FC733CF77E}.Debug|x64.ActiveCfg = Debug|Any CPU
		{E2AB30E7-E33C-4E14-BD4F-F8FC733CF77E}.Debug|x64.Build.0 = Debug|Any CPU
		{E2AB30E7-E33C-4E14-BD4F-F8FC733CF77E}.Debug|x86.ActiveCfg = Debug|Any CPU
		{E2AB30E7-E33C-4E14-BD4F-F8FC733CF77E}.Debug|x86.Build.0 = Debug|Any CPU
		{E2AB30E7-E33C-4E14-BD4F-F8FC733CF77E}.Release|Any CPU.ActiveCfg = Release|Any CPU
		{E2AB30E7-E33C-4E14-BD4F-F8FC733CF77E}.Release|Any CPU.Build.0 = Release|Any CPU
		{E2AB30E7-E33C-4E14-BD4F-F8FC733CF77E}.Release|x64.ActiveCfg = Release|Any CPU
		{E2AB30E7-E33C-4E14-BD4F-F8FC733CF77E}.Release|x64.Build.0 = Release|Any CPU
		{E2AB30E7-E33C-4E14-BD4F-F8FC733CF77E}.Release|x86.ActiveCfg = Release|Any CPU
		{E2AB30E7-E33C-4E14-BD4F-F8FC733CF77E}.Release|x86.Build.0 = Release|Any CPU
	EndGlobalSection
	GlobalSection(SolutionProperties) = preSolution
		HideSolutionNode = FALSE
	EndGlobalSection
EndGlobal
